
Microsoft Visual Studio Solution File, Format Version 12.00
# Visual Studio Version 17
VisualStudioVersion = 17.6.33723.286
MinimumVisualStudioVersion = 10.0.40219.1
Project("{FAE04EC0-301F-11D3-BF4B-00C04F79EFBC}") = "Talpa_20_BusinessLogicLayer", "Talpa_20_BusinessLogicLayer\Talpa_20_BusinessLogicLayer.csproj", "{2D01F0E3-2F3E-4D04-8ACA-236D119915B8}"
EndProject
Project("{FAE04EC0-301F-11D3-BF4B-00C04F79EFBC}") = "Talpa_30_DataAccessLayer", "Talpa_30_DataAccessLayer\Talpa_30_DataAccessLayer.csproj", "{2313F87E-ED2A-4CA6-A8EC-6085D746F21B}"
EndProject
Project("{FAE04EC0-301F-11D3-BF4B-00C04F79EFBC}") = "Talpa_10_WebApp", "Talpa_10_WebApp\Talpa_10_WebApp.csproj", "{750418B2-766E-431A-9EC6-CDB87DF4E3A9}"
EndProject
Project("{FAE04EC0-301F-11D3-BF4B-00C04F79EFBC}") = "Talpa_UnitTests", "Talpa_UnitTests\Talpa_UnitTests.csproj", "{431CD455-ABA2-4FE2-8571-415719DC93D8}"
EndProject
Global
	GlobalSection(SolutionConfigurationPlatforms) = preSolution
		Debug|Any CPU = Debug|Any CPU
		Release|Any CPU = Release|Any CPU
	EndGlobalSection
	GlobalSection(ProjectConfigurationPlatforms) = postSolution
		{2D01F0E3-2F3E-4D04-8ACA-236D119915B8}.Debug|Any CPU.ActiveCfg = Debug|Any CPU
		{2D01F0E3-2F3E-4D04-8ACA-236D119915B8}.Debug|Any CPU.Build.0 = Debug|Any CPU
		{2D01F0E3-2F3E-4D04-8ACA-236D119915B8}.Release|Any CPU.ActiveCfg = Release|Any CPU
		{2D01F0E3-2F3E-4D04-8ACA-236D119915B8}.Release|Any CPU.Build.0 = Release|Any CPU
		{2313F87E-ED2A-4CA6-A8EC-6085D746F21B}.Debug|Any CPU.ActiveCfg = Debug|Any CPU
		{2313F87E-ED2A-4CA6-A8EC-6085D746F21B}.Debug|Any CPU.Build.0 = Debug|Any CPU
		{2313F87E-ED2A-4CA6-A8EC-6085D746F21B}.Release|Any CPU.ActiveCfg = Release|Any CPU
		{2313F87E-ED2A-4CA6-A8EC-6085D746F21B}.Release|Any CPU.Build.0 = Release|Any CPU
		{750418B2-766E-431A-9EC6-CDB87DF4E3A9}.Debug|Any CPU.ActiveCfg = Debug|Any CPU
		{750418B2-766E-431A-9EC6-CDB87DF4E3A9}.Debug|Any CPU.Build.0 = Debug|Any CPU
		{750418B2-766E-431A-9EC6-CDB87DF4E3A9}.Release|Any CPU.ActiveCfg = Release|Any CPU
		{750418B2-766E-431A-9EC6-CDB87DF4E3A9}.Release|Any CPU.Build.0 = Release|Any CPU
		{431CD455-ABA2-4FE2-8571-415719DC93D8}.Debug|Any CPU.ActiveCfg = Debug|Any CPU
		{431CD455-ABA2-4FE2-8571-415719DC93D8}.Debug|Any CPU.Build.0 = Debug|Any CPU
		{431CD455-ABA2-4FE2-8571-415719DC93D8}.Release|Any CPU.ActiveCfg = Release|Any CPU
		{431CD455-ABA2-4FE2-8571-415719DC93D8}.Release|Any CPU.Build.0 = Release|Any CPU
	EndGlobalSection
	GlobalSection(SolutionProperties) = preSolution
		HideSolutionNode = FALSE
	EndGlobalSection
	GlobalSection(ExtensibilityGlobals) = postSolution
		SolutionGuid = {4E2E4C20-67AB-4537-9E81-B591EA70864D}
	EndGlobalSection
EndGlobal
